// !$*UTF8*$!
{
	archiveVersion = 1;
	classes = {
	};
	objectVersion = 50;
	objects = {

/* Begin PBXBuildFile section */
		FC79376B2694D2E90000ACB7 /* AppDelegate.swift in Sources */ = {isa = PBXBuildFile; fileRef = FC79376A2694D2E90000ACB7 /* AppDelegate.swift */; };
		FC79376D2694D2E90000ACB7 /* SceneDelegate.swift in Sources */ = {isa = PBXBuildFile; fileRef = FC79376C2694D2E90000ACB7 /* SceneDelegate.swift */; };
		FC79376F2694D2E90000ACB7 /* ViewController.swift in Sources */ = {isa = PBXBuildFile; fileRef = FC79376E2694D2E90000ACB7 /* ViewController.swift */; };
		FC7937722694D2E90000ACB7 /* Main.storyboard in Resources */ = {isa = PBXBuildFile; fileRef = FC7937702694D2E90000ACB7 /* Main.storyboard */; };
		FC7937742694D2EC0000ACB7 /* Assets.xcassets in Resources */ = {isa = PBXBuildFile; fileRef = FC7937732694D2EC0000ACB7 /* Assets.xcassets */; };
		FC7937772694D2EC0000ACB7 /* LaunchScreen.storyboard in Resources */ = {isa = PBXBuildFile; fileRef = FC7937752694D2EC0000ACB7 /* LaunchScreen.storyboard */; };
		FC7937832694D31B0000ACB7 /* Dealer.swift in Sources */ = {isa = PBXBuildFile; fileRef = FC79377F2694D31B0000ACB7 /* Dealer.swift */; };
		FC7937842694D31B0000ACB7 /* Hand.swift in Sources */ = {isa = PBXBuildFile; fileRef = FC7937802694D31B0000ACB7 /* Hand.swift */; };
		FC7937852694D31B0000ACB7 /* Player.swift in Sources */ = {isa = PBXBuildFile; fileRef = FC7937812694D31B0000ACB7 /* Player.swift */; };
		FC7937862694D31B0000ACB7 /* GameMaster.swift in Sources */ = {isa = PBXBuildFile; fileRef = FC7937822694D31B0000ACB7 /* GameMaster.swift */; };
		FC7937892694D3DF0000ACB7 /* Enums.swift in Sources */ = {isa = PBXBuildFile; fileRef = FC7937882694D3DF0000ACB7 /* Enums.swift */; };
		FC79378B2694D4070000ACB7 /* Deck.swift in Sources */ = {isa = PBXBuildFile; fileRef = FC79378A2694D4070000ACB7 /* Deck.swift */; };
		FC79378D2694D4240000ACB7 /* Card.swift in Sources */ = {isa = PBXBuildFile; fileRef = FC79378C2694D4240000ACB7 /* Card.swift */; };
		FC7937922694D6780000ACB7 /* Dealable.swift in Sources */ = {isa = PBXBuildFile; fileRef = FC7937912694D6780000ACB7 /* Dealable.swift */; };
		FC7937942694DFF50000ACB7 /* Table.swift in Sources */ = {isa = PBXBuildFile; fileRef = FC7937932694DFF50000ACB7 /* Table.swift */; };
		FC7937962694FF4D0000ACB7 /* Rules.swift in Sources */ = {isa = PBXBuildFile; fileRef = FC7937952694FF4D0000ACB7 /* Rules.swift */; };
/* End PBXBuildFile section */

/* Begin PBXFileReference section */
		FC7937672694D2E90000ACB7 /* BlackJackPracticeStrategyGame.app */ = {isa = PBXFileReference; explicitFileType = wrapper.application; includeInIndex = 0; path = BlackJackPracticeStrategyGame.app; sourceTree = BUILT_PRODUCTS_DIR; };
		FC79376A2694D2E90000ACB7 /* AppDelegate.swift */ = {isa = PBXFileReference; lastKnownFileType = sourcecode.swift; path = AppDelegate.swift; sourceTree = "<group>"; };
		FC79376C2694D2E90000ACB7 /* SceneDelegate.swift */ = {isa = PBXFileReference; lastKnownFileType = sourcecode.swift; path = SceneDelegate.swift; sourceTree = "<group>"; };
		FC79376E2694D2E90000ACB7 /* ViewController.swift */ = {isa = PBXFileReference; lastKnownFileType = sourcecode.swift; path = ViewController.swift; sourceTree = "<group>"; };
		FC7937712694D2E90000ACB7 /* Base */ = {isa = PBXFileReference; lastKnownFileType = file.storyboard; name = Base; path = Base.lproj/Main.storyboard; sourceTree = "<group>"; };
		FC7937732694D2EC0000ACB7 /* Assets.xcassets */ = {isa = PBXFileReference; lastKnownFileType = folder.assetcatalog; path = Assets.xcassets; sourceTree = "<group>"; };
		FC7937762694D2EC0000ACB7 /* Base */ = {isa = PBXFileReference; lastKnownFileType = file.storyboard; name = Base; path = Base.lproj/LaunchScreen.storyboard; sourceTree = "<group>"; };
		FC7937782694D2EC0000ACB7 /* Info.plist */ = {isa = PBXFileReference; lastKnownFileType = text.plist.xml; path = Info.plist; sourceTree = "<group>"; };
		FC79377F2694D31B0000ACB7 /* Dealer.swift */ = {isa = PBXFileReference; fileEncoding = 4; lastKnownFileType = sourcecode.swift; path = Dealer.swift; sourceTree = "<group>"; };
		FC7937802694D31B0000ACB7 /* Hand.swift */ = {isa = PBXFileReference; fileEncoding = 4; lastKnownFileType = sourcecode.swift; path = Hand.swift; sourceTree = "<group>"; };
		FC7937812694D31B0000ACB7 /* Player.swift */ = {isa = PBXFileReference; fileEncoding = 4; lastKnownFileType = sourcecode.swift; path = Player.swift; sourceTree = "<group>"; };
		FC7937822694D31B0000ACB7 /* GameMaster.swift */ = {isa = PBXFileReference; fileEncoding = 4; lastKnownFileType = sourcecode.swift; path = GameMaster.swift; sourceTree = "<group>"; };
		FC7937882694D3DF0000ACB7 /* Enums.swift */ = {isa = PBXFileReference; lastKnownFileType = sourcecode.swift; path = Enums.swift; sourceTree = "<group>"; };
		FC79378A2694D4070000ACB7 /* Deck.swift */ = {isa = PBXFileReference; lastKnownFileType = sourcecode.swift; path = Deck.swift; sourceTree = "<group>"; };
		FC79378C2694D4240000ACB7 /* Card.swift */ = {isa = PBXFileReference; lastKnownFileType = sourcecode.swift; path = Card.swift; sourceTree = "<group>"; };
		FC7937912694D6780000ACB7 /* Dealable.swift */ = {isa = PBXFileReference; lastKnownFileType = sourcecode.swift; path = Dealable.swift; sourceTree = "<group>"; };
		FC7937932694DFF50000ACB7 /* Table.swift */ = {isa = PBXFileReference; lastKnownFileType = sourcecode.swift; path = Table.swift; sourceTree = "<group>"; };
		FC7937952694FF4D0000ACB7 /* Rules.swift */ = {isa = PBXFileReference; lastKnownFileType = sourcecode.swift; path = Rules.swift; sourceTree = "<group>"; };
/* End PBXFileReference section */

/* Begin PBXFrameworksBuildPhase section */
		FC7937642694D2E90000ACB7 /* Frameworks */ = {
			isa = PBXFrameworksBuildPhase;
			buildActionMask = 2147483647;
			files = (
			);
			runOnlyForDeploymentPostprocessing = 0;
		};
/* End PBXFrameworksBuildPhase section */

/* Begin PBXGroup section */
		FC79375E2694D2E90000ACB7 = {
			isa = PBXGroup;
			children = (
				FC7937692694D2E90000ACB7 /* BlackJackPracticeStrategyGame */,
				FC7937682694D2E90000ACB7 /* Products */,
			);
			sourceTree = "<group>";
		};
		FC7937682694D2E90000ACB7 /* Products */ = {
			isa = PBXGroup;
			children = (
				FC7937672694D2E90000ACB7 /* BlackJackPracticeStrategyGame.app */,
			);
			name = Products;
			sourceTree = "<group>";
		};
		FC7937692694D2E90000ACB7 /* BlackJackPracticeStrategyGame */ = {
			isa = PBXGroup;
			children = (
				FC7937902694D66C0000ACB7 /* Protocols */,
				FC79378F2694D4410000ACB7 /* Controllers */,
				FC79378E2694D43B0000ACB7 /* Delegates */,
				FC7937872694D3CF0000ACB7 /* Enums */,
				FC79377E2694D31B0000ACB7 /* Game */,
				FC7937702694D2E90000ACB7 /* Main.storyboard */,
				FC7937732694D2EC0000ACB7 /* Assets.xcassets */,
				FC7937752694D2EC0000ACB7 /* LaunchScreen.storyboard */,
				FC7937782694D2EC0000ACB7 /* Info.plist */,
			);
			path = BlackJackPracticeStrategyGame;
			sourceTree = "<group>";
		};
		FC79377E2694D31B0000ACB7 /* Game */ = {
			isa = PBXGroup;
			children = (
				FC79377F2694D31B0000ACB7 /* Dealer.swift */,
				FC7937802694D31B0000ACB7 /* Hand.swift */,
				FC7937812694D31B0000ACB7 /* Player.swift */,
				FC7937822694D31B0000ACB7 /* GameMaster.swift */,
				FC79378A2694D4070000ACB7 /* Deck.swift */,
				FC79378C2694D4240000ACB7 /* Card.swift */,
				FC7937932694DFF50000ACB7 /* Table.swift */,
				FC7937952694FF4D0000ACB7 /* Rules.swift */,
			);
			path = Game;
			sourceTree = "<group>";
		};
		FC7937872694D3CF0000ACB7 /* Enums */ = {
			isa = PBXGroup;
			children = (
				FC7937882694D3DF0000ACB7 /* Enums.swift */,
			);
			path = Enums;
			sourceTree = "<group>";
		};
		FC79378E2694D43B0000ACB7 /* Delegates */ = {
			isa = PBXGroup;
			children = (
				FC79376A2694D2E90000ACB7 /* AppDelegate.swift */,
				FC79376C2694D2E90000ACB7 /* SceneDelegate.swift */,
			);
			path = Delegates;
			sourceTree = "<group>";
		};
		FC79378F2694D4410000ACB7 /* Controllers */ = {
			isa = PBXGroup;
			children = (
				FC79376E2694D2E90000ACB7 /* ViewController.swift */,
			);
			path = Controllers;
			sourceTree = "<group>";
		};
		FC7937902694D66C0000ACB7 /* Protocols */ = {
			isa = PBXGroup;
			children = (
				FC7937912694D6780000ACB7 /* Dealable.swift */,
			);
			path = Protocols;
			sourceTree = "<group>";
		};
/* End PBXGroup section */

/* Begin PBXNativeTarget section */
		FC7937662694D2E90000ACB7 /* BlackJackPracticeStrategyGame */ = {
			isa = PBXNativeTarget;
			buildConfigurationList = FC79377B2694D2EC0000ACB7 /* Build configuration list for PBXNativeTarget "BlackJackPracticeStrategyGame" */;
			buildPhases = (
				FC7937632694D2E90000ACB7 /* Sources */,
				FC7937642694D2E90000ACB7 /* Frameworks */,
				FC7937652694D2E90000ACB7 /* Resources */,
			);
			buildRules = (
			);
			dependencies = (
			);
			name = BlackJackPracticeStrategyGame;
			productName = BlackJackPracticeStrategyGame;
			productReference = FC7937672694D2E90000ACB7 /* BlackJackPracticeStrategyGame.app */;
			productType = "com.apple.product-type.application";
		};
/* End PBXNativeTarget section */

/* Begin PBXProject section */
		FC79375F2694D2E90000ACB7 /* Project object */ = {
			isa = PBXProject;
			attributes = {
				LastSwiftUpdateCheck = 1250;
				LastUpgradeCheck = 1250;
				TargetAttributes = {
					FC7937662694D2E90000ACB7 = {
						CreatedOnToolsVersion = 12.5;
					};
				};
			};
			buildConfigurationList = FC7937622694D2E90000ACB7 /* Build configuration list for PBXProject "BlackJackPracticeStrategyGame" */;
			compatibilityVersion = "Xcode 9.3";
			developmentRegion = en;
			hasScannedForEncodings = 0;
			knownRegions = (
				en,
				Base,
			);
			mainGroup = FC79375E2694D2E90000ACB7;
			productRefGroup = FC7937682694D2E90000ACB7 /* Products */;
			projectDirPath = "";
			projectRoot = "";
			targets = (
				FC7937662694D2E90000ACB7 /* BlackJackPracticeStrategyGame */,
			);
		};
/* End PBXProject section */

/* Begin PBXResourcesBuildPhase section */
		FC7937652694D2E90000ACB7 /* Resources */ = {
			isa = PBXResourcesBuildPhase;
			buildActionMask = 2147483647;
			files = (
				FC7937772694D2EC0000ACB7 /* LaunchScreen.storyboard in Resources */,
				FC7937742694D2EC0000ACB7 /* Assets.xcassets in Resources */,
				FC7937722694D2E90000ACB7 /* Main.storyboard in Resources */,
			);
			runOnlyForDeploymentPostprocessing = 0;
		};
/* End PBXResourcesBuildPhase section */

/* Begin PBXSourcesBuildPhase section */
		FC7937632694D2E90000ACB7 /* Sources */ = {
			isa = PBXSourcesBuildPhase;
			buildActionMask = 2147483647;
			files = (
				FC79378B2694D4070000ACB7 /* Deck.swift in Sources */,
				FC7937832694D31B0000ACB7 /* Dealer.swift in Sources */,
				FC7937962694FF4D0000ACB7 /* Rules.swift in Sources */,
				FC7937922694D6780000ACB7 /* Dealable.swift in Sources */,
				FC7937862694D31B0000ACB7 /* GameMaster.swift in Sources */,
				FC7937842694D31B0000ACB7 /* Hand.swift in Sources */,
				FC79376F2694D2E90000ACB7 /* ViewController.swift in Sources */,
				FC7937942694DFF50000ACB7 /* Table.swift in Sources */,
				FC79376B2694D2E90000ACB7 /* AppDelegate.swift in Sources */,
				FC7937852694D31B0000ACB7 /* Player.swift in Sources */,
				FC79378D2694D4240000ACB7 /* Card.swift in Sources */,
				FC7937892694D3DF0000ACB7 /* Enums.swift in Sources */,
				FC79376D2694D2E90000ACB7 /* SceneDelegate.swift in Sources */,
			);
			runOnlyForDeploymentPostprocessing = 0;
		};
/* End PBXSourcesBuildPhase section */

/* Begin PBXVariantGroup section */
		FC7937702694D2E90000ACB7 /* Main.storyboard */ = {
			isa = PBXVariantGroup;
			children = (
				FC7937712694D2E90000ACB7 /* Base */,
			);
			name = Main.storyboard;
			sourceTree = "<group>";
		};
		FC7937752694D2EC0000ACB7 /* LaunchScreen.storyboard */ = {
			isa = PBXVariantGroup;
			children = (
				FC7937762694D2EC0000ACB7 /* Base */,
			);
			name = LaunchScreen.storyboard;
			sourceTree = "<group>";
		};
/* End PBXVariantGroup section */

/* Begin XCBuildConfiguration section */
		FC7937792694D2EC0000ACB7 /* Debug */ = {
			isa = XCBuildConfiguration;
			buildSettings = {
				ALWAYS_SEARCH_USER_PATHS = NO;
				CLANG_ANALYZER_NONNULL = YES;
				CLANG_ANALYZER_NUMBER_OBJECT_CONVERSION = YES_AGGRESSIVE;
				CLANG_CXX_LANGUAGE_STANDARD = "gnu++14";
				CLANG_CXX_LIBRARY = "libc++";
				CLANG_ENABLE_MODULES = YES;
				CLANG_ENABLE_OBJC_ARC = YES;
				CLANG_ENABLE_OBJC_WEAK = YES;
				CLANG_WARN_BLOCK_CAPTURE_AUTORELEASING = YES;
				CLANG_WARN_BOOL_CONVERSION = YES;
				CLANG_WARN_COMMA = YES;
				CLANG_WARN_CONSTANT_CONVERSION = YES;
				CLANG_WARN_DEPRECATED_OBJC_IMPLEMENTATIONS = YES;
				CLANG_WARN_DIRECT_OBJC_ISA_USAGE = YES_ERROR;
				CLANG_WARN_DOCUMENTATION_COMMENTS = YES;
				CLANG_WARN_EMPTY_BODY = YES;
				CLANG_WARN_ENUM_CONVERSION = YES;
				CLANG_WARN_INFINITE_RECURSION = YES;
				CLANG_WARN_INT_CONVERSION = YES;
				CLANG_WARN_NON_LITERAL_NULL_CONVERSION = YES;
				CLANG_WARN_OBJC_IMPLICIT_RETAIN_SELF = YES;
				CLANG_WARN_OBJC_LITERAL_CONVERSION = YES;
				CLANG_WARN_OBJC_ROOT_CLASS = YES_ERROR;
				CLANG_WARN_QUOTED_INCLUDE_IN_FRAMEWORK_HEADER = YES;
				CLANG_WARN_RANGE_LOOP_ANALYSIS = YES;
				CLANG_WARN_STRICT_PROTOTYPES = YES;
				CLANG_WARN_SUSPICIOUS_MOVE = YES;
				CLANG_WARN_UNGUARDED_AVAILABILITY = YES_AGGRESSIVE;
				CLANG_WARN_UNREACHABLE_CODE = YES;
				CLANG_WARN__DUPLICATE_METHOD_MATCH = YES;
				COPY_PHASE_STRIP = NO;
				DEBUG_INFORMATION_FORMAT = dwarf;
				ENABLE_STRICT_OBJC_MSGSEND = YES;
				ENABLE_TESTABILITY = YES;
				GCC_C_LANGUAGE_STANDARD = gnu11;
				GCC_DYNAMIC_NO_PIC = NO;
				GCC_NO_COMMON_BLOCKS = YES;
				GCC_OPTIMIZATION_LEVEL = 0;
				GCC_PREPROCESSOR_DEFINITIONS = (
					"DEBUG=1",
					"$(inherited)",
				);
				GCC_WARN_64_TO_32_BIT_CONVERSION = YES;
				GCC_WARN_ABOUT_RETURN_TYPE = YES_ERROR;
				GCC_WARN_UNDECLARED_SELECTOR = YES;
				GCC_WARN_UNINITIALIZED_AUTOS = YES_AGGRESSIVE;
				GCC_WARN_UNUSED_FUNCTION = YES;
				GCC_WARN_UNUSED_VARIABLE = YES;
				IPHONEOS_DEPLOYMENT_TARGET = 14.5;
				MTL_ENABLE_DEBUG_INFO = INCLUDE_SOURCE;
				MTL_FAST_MATH = YES;
				ONLY_ACTIVE_ARCH = YES;
				SDKROOT = iphoneos;
				SWIFT_ACTIVE_COMPILATION_CONDITIONS = DEBUG;
				SWIFT_OPTIMIZATION_LEVEL = "-Onone";
			};
			name = Debug;
		};
		FC79377A2694D2EC0000ACB7 /* Release */ = {
			isa = XCBuildConfiguration;
			buildSettings = {
				ALWAYS_SEARCH_USER_PATHS = NO;
				CLANG_ANALYZER_NONNULL = YES;
				CLANG_ANALYZER_NUMBER_OBJECT_CONVERSION = YES_AGGRESSIVE;
				CLANG_CXX_LANGUAGE_STANDARD = "gnu++14";
				CLANG_CXX_LIBRARY = "libc++";
				CLANG_ENABLE_MODULES = YES;
				CLANG_ENABLE_OBJC_ARC = YES;
				CLANG_ENABLE_OBJC_WEAK = YES;
				CLANG_WARN_BLOCK_CAPTURE_AUTORELEASING = YES;
				CLANG_WARN_BOOL_CONVERSION = YES;
				CLANG_WARN_COMMA = YES;
				CLANG_WARN_CONSTANT_CONVERSION = YES;
				CLANG_WARN_DEPRECATED_OBJC_IMPLEMENTATIONS = YES;
				CLANG_WARN_DIRECT_OBJC_ISA_USAGE = YES_ERROR;
				CLANG_WARN_DOCUMENTATION_COMMENTS = YES;
				CLANG_WARN_EMPTY_BODY = YES;
				CLANG_WARN_ENUM_CONVERSION = YES;
				CLANG_WARN_INFINITE_RECURSION = YES;
				CLANG_WARN_INT_CONVERSION = YES;
				CLANG_WARN_NON_LITERAL_NULL_CONVERSION = YES;
				CLANG_WARN_OBJC_IMPLICIT_RETAIN_SELF = YES;
				CLANG_WARN_OBJC_LITERAL_CONVERSION = YES;
				CLANG_WARN_OBJC_ROOT_CLASS = YES_ERROR;
				CLANG_WARN_QUOTED_INCLUDE_IN_FRAMEWORK_HEADER = YES;
				CLANG_WARN_RANGE_LOOP_ANALYSIS = YES;
				CLANG_WARN_STRICT_PROTOTYPES = YES;
				CLANG_WARN_SUSPICIOUS_MOVE = YES;
				CLANG_WARN_UNGUARDED_AVAILABILITY = YES_AGGRESSIVE;
				CLANG_WARN_UNREACHABLE_CODE = YES;
				CLANG_WARN__DUPLICATE_METHOD_MATCH = YES;
				COPY_PHASE_STRIP = NO;
				DEBUG_INFORMATION_FORMAT = "dwarf-with-dsym";
				ENABLE_NS_ASSERTIONS = NO;
				ENABLE_STRICT_OBJC_MSGSEND = YES;
				GCC_C_LANGUAGE_STANDARD = gnu11;
				GCC_NO_COMMON_BLOCKS = YES;
				GCC_WARN_64_TO_32_BIT_CONVERSION = YES;
				GCC_WARN_ABOUT_RETURN_TYPE = YES_ERROR;
				GCC_WARN_UNDECLARED_SELECTOR = YES;
				GCC_WARN_UNINITIALIZED_AUTOS = YES_AGGRESSIVE;
				GCC_WARN_UNUSED_FUNCTION = YES;
				GCC_WARN_UNUSED_VARIABLE = YES;
				IPHONEOS_DEPLOYMENT_TARGET = 14.5;
				MTL_ENABLE_DEBUG_INFO = NO;
				MTL_FAST_MATH = YES;
				SDKROOT = iphoneos;
				SWIFT_COMPILATION_MODE = wholemodule;
				SWIFT_OPTIMIZATION_LEVEL = "-O";
				VALIDATE_PRODUCT = YES;
			};
			name = Release;
		};
		FC79377C2694D2EC0000ACB7 /* Debug */ = {
			isa = XCBuildConfiguration;
			buildSettings = {
				ASSETCATALOG_COMPILER_APPICON_NAME = AppIcon;
				ASSETCATALOG_COMPILER_GLOBAL_ACCENT_COLOR_NAME = AccentColor;
				CODE_SIGN_STYLE = Automatic;
				DEVELOPMENT_TEAM = SK8EUT8954;
				INFOPLIST_FILE = BlackJackPracticeStrategyGame/Info.plist;
				LD_RUNPATH_SEARCH_PATHS = (
					"$(inherited)",
					"@executable_path/Frameworks",
				);
				PRODUCT_BUNDLE_IDENTIFIER = com.magdowski.jon.BlackJackPracticeStrategyGame;
				PRODUCT_NAME = "$(TARGET_NAME)";
				SWIFT_VERSION = 5.0;
				TARGETED_DEVICE_FAMILY = "1,2";
			};
			name = Debug;
		};
		FC79377D2694D2EC0000ACB7 /* Release */ = {
			isa = XCBuildConfiguration;
			buildSettings = {
				ASSETCATALOG_COMPILER_APPICON_NAME = AppIcon;
				ASSETCATALOG_COMPILER_GLOBAL_ACCENT_COLOR_NAME = AccentColor;
				CODE_SIGN_STYLE = Automatic;
				DEVELOPMENT_TEAM = SK8EUT8954;
				INFOPLIST_FILE = BlackJackPracticeStrategyGame/Info.plist;
				LD_RUNPATH_SEARCH_PATHS = (
					"$(inherited)",
					"@executable_path/Frameworks",
				);
				PRODUCT_BUNDLE_IDENTIFIER = com.magdowski.jon.BlackJackPracticeStrategyGame;
				PRODUCT_NAME = "$(TARGET_NAME)";
				SWIFT_VERSION = 5.0;
				TARGETED_DEVICE_FAMILY = "1,2";
			};
			name = Release;
		};
/* End XCBuildConfiguration section */

/* Begin XCConfigurationList section */
		FC7937622694D2E90000ACB7 /* Build configuration list for PBXProject "BlackJackPracticeStrategyGame" */ = {
			isa = XCConfigurationList;
			buildConfigurations = (
				FC7937792694D2EC0000ACB7 /* Debug */,
				FC79377A2694D2EC0000ACB7 /* Release */,
			);
			defaultConfigurationIsVisible = 0;
			defaultConfigurationName = Release;
		};
		FC79377B2694D2EC0000ACB7 /* Build configuration list for PBXNativeTarget "BlackJackPracticeStrategyGame" */ = {
			isa = XCConfigurationList;
			buildConfigurations = (
				FC79377C2694D2EC0000ACB7 /* Debug */,
				FC79377D2694D2EC0000ACB7 /* Release */,
			);
			defaultConfigurationIsVisible = 0;
			defaultConfigurationName = Release;
		};
/* End XCConfigurationList section */
	};
	rootObject = FC79375F2694D2E90000ACB7 /* Project object */;
}
